{
  "nodes": {
    "dried-nix-flakes": {
      "locked": {
        "lastModified": 1756139350,
        "narHash": "sha256-pObQv94NclXVXjJV8sTiKwFes4fGEWpkNzDsXw5DqnY=",
        "owner": "cyberus-technology",
        "repo": "dried-nix-flakes",
        "rev": "1b2ba62710c6c1d9eba0e8e3adc029cc2e9291a4",
        "type": "github"
      },
      "original": {
        "owner": "cyberus-technology",
        "repo": "dried-nix-flakes",
        "type": "github"
      }
    },
    "nixpkgs": {
      "locked": {
        "lastModified": 1770464364,
        "narHash": "sha256-NRzOZ4auV/vQfQS32Yeck823y6LJvftjjSvhynSIw9k=",
        "rev": "23d72dabcb3b12469f57b37170fcbc1789bd7457",
        "type": "tarball",
        "url": "https://releases.nixos.org/nixos/25.11/nixos-25.11.5581.23d72dabcb3b/nixexprs.tar.xz?lastModified=1770464364&rev=23d72dabcb3b12469f57b37170fcbc1789bd7457"
      },
      "original": {
        "type": "tarball",
        "url": "https://channels.nixos.org/nixos-25.11/nixexprs.tar.xz"
      }
    },
    "root": {
      "inputs": {
        "dried-nix-flakes": "dried-nix-flakes",
        "nixpkgs": "nixpkgs"
      }
    }
  },
  "root": "root",
  "version": 7
}
